
Microsoft Visual Studio Solution File, Format Version 12.00
# Visual Studio Version 16
VisualStudioVersion = 16.0.30907.101
MinimumVisualStudioVersion = 10.0.40219.1
Project("{8BC9CEB8-8B4A-11D0-8D11-00A0C91BC942}") = "SMLite", "SMLite\SMLite.vcxproj", "{4922F1A6-9B8D-4718-9A3D-4A6B5D71C2DF}"
EndProject
Project("{9A19103F-16F7-4668-BE54-9A1E7A4F7556}") = "Fawdlstty.SMLite", "Fawdlstty.SMLite\Fawdlstty.SMLite.csproj", "{08DE9649-AA68-4D8F-9648-56B011755722}"
EndProject
Project("{2150E333-8FDC-42A3-9474-1A3956D46DE8}") = "Solution Items", "Solution Items", "{9806D9FF-9601-4AC7-BF8F-6F774BA77426}"
	ProjectSection(SolutionItems) = preProject
		README.md = README.md
		README.zh.md = README.zh.md
		TODO.md = TODO.md
	EndProjectSection
EndProject
Project("{9A19103F-16F7-4668-BE54-9A1E7A4F7556}") = "Fawdlstty.SMLite.Test", "Fawdlstty.SMLite.Test\Fawdlstty.SMLite.Test.csproj", "{813B350A-142E-4EC0-A7C3-0C770DD164EE}"
EndProject
Project("{8BC9CEB8-8B4A-11D0-8D11-00A0C91BC942}") = "SMLite.Test", "SMLite.Test\SMLite.Test.vcxproj", "{83F714ED-51BA-4D35-B942-F434EFBEBA8B}"
EndProject
Global
	GlobalSection(SolutionConfigurationPlatforms) = preSolution
		Debug|Any CPU = Debug|Any CPU
		Release|Any CPU = Release|Any CPU
	EndGlobalSection
	GlobalSection(ProjectConfigurationPlatforms) = postSolution
		{4922F1A6-9B8D-4718-9A3D-4A6B5D71C2DF}.Debug|Any CPU.ActiveCfg = Debug|x64
		{4922F1A6-9B8D-4718-9A3D-4A6B5D71C2DF}.Debug|Any CPU.Build.0 = Debug|x64
		{4922F1A6-9B8D-4718-9A3D-4A6B5D71C2DF}.Release|Any CPU.ActiveCfg = Release|x64
		{4922F1A6-9B8D-4718-9A3D-4A6B5D71C2DF}.Release|Any CPU.Build.0 = Release|x64
		{08DE9649-AA68-4D8F-9648-56B011755722}.Debug|Any CPU.ActiveCfg = Debug|Any CPU
		{08DE9649-AA68-4D8F-9648-56B011755722}.Debug|Any CPU.Build.0 = Debug|Any CPU
		{08DE9649-AA68-4D8F-9648-56B011755722}.Release|Any CPU.ActiveCfg = Release|Any CPU
		{08DE9649-AA68-4D8F-9648-56B011755722}.Release|Any CPU.Build.0 = Release|Any CPU
		{813B350A-142E-4EC0-A7C3-0C770DD164EE}.Debug|Any CPU.ActiveCfg = Debug|Any CPU
		{813B350A-142E-4EC0-A7C3-0C770DD164EE}.Debug|Any CPU.Build.0 = Debug|Any CPU
		{813B350A-142E-4EC0-A7C3-0C770DD164EE}.Release|Any CPU.ActiveCfg = Release|Any CPU
		{813B350A-142E-4EC0-A7C3-0C770DD164EE}.Release|Any CPU.Build.0 = Release|Any CPU
		{83F714ED-51BA-4D35-B942-F434EFBEBA8B}.Debug|Any CPU.ActiveCfg = Debug|x64
		{83F714ED-51BA-4D35-B942-F434EFBEBA8B}.Debug|Any CPU.Build.0 = Debug|x64
		{83F714ED-51BA-4D35-B942-F434EFBEBA8B}.Release|Any CPU.ActiveCfg = Release|x64
		{83F714ED-51BA-4D35-B942-F434EFBEBA8B}.Release|Any CPU.Build.0 = Release|x64
	EndGlobalSection
	GlobalSection(SolutionProperties) = preSolution
		HideSolutionNode = FALSE
	EndGlobalSection
	GlobalSection(ExtensibilityGlobals) = postSolution
		SolutionGuid = {BE6CE8BD-95EA-4617-933E-FE2164D938E8}
	EndGlobalSection
EndGlobal
