
Microsoft Visual Studio Solution File, Format Version 12.00
# Visual Studio Version 16
VisualStudioVersion = 16.0.30907.101
MinimumVisualStudioVersion = 10.0.40219.1
Project("{2150E333-8FDC-42A3-9474-1A3956D46DE8}") = "Solution Items", "Solution Items", "{9806D9FF-9601-4AC7-BF8F-6F774BA77426}"
	ProjectSection(SolutionItems) = preProject
		README.md = README.md
		README.zh.md = README.zh.md
		TODO.md = TODO.md
	EndProjectSection
EndProject
Project("{2150E333-8FDC-42A3-9474-1A3956D46DE8}") = "src_c", "src_c", "{1753564D-0D6C-4BAF-8F72-8231CF7B5152}"
EndProject
Project("{2150E333-8FDC-42A3-9474-1A3956D46DE8}") = "src_cpp", "src_cpp", "{61E8A1CE-FFEA-4DA8-A489-C130C2B17625}"
EndProject
Project("{2150E333-8FDC-42A3-9474-1A3956D46DE8}") = "src_csharp", "src_csharp", "{5109A84C-7B69-41C7-B924-8D173D518573}"
EndProject
Project("{2150E333-8FDC-42A3-9474-1A3956D46DE8}") = "src_python", "src_python", "{E81D1CAA-9014-436B-BFC5-CD3679048DAC}"
EndProject
Project("{8BC9CEB8-8B4A-11D0-8D11-00A0C91BC942}") = "libsmlite", "src_c\libsmlite\libsmlite.vcxproj", "{ABF1A7EC-EDEA-4F7E-AD99-A507603F832C}"
EndProject
Project("{8BC9CEB8-8B4A-11D0-8D11-00A0C91BC942}") = "libsmlite.Test", "src_c\libsmlite.Test\libsmlite.Test.vcxproj", "{67DC95DF-6A0D-44FA-98B3-8613CFCA1E7C}"
EndProject
Project("{8BC9CEB8-8B4A-11D0-8D11-00A0C91BC942}") = "SMLite", "src_cpp\SMLite\SMLite.vcxproj", "{4922F1A6-9B8D-4718-9A3D-4A6B5D71C2DF}"
EndProject
Project("{8BC9CEB8-8B4A-11D0-8D11-00A0C91BC942}") = "SMLite.Test", "src_cpp\SMLite.Test\SMLite.Test.vcxproj", "{83F714ED-51BA-4D35-B942-F434EFBEBA8B}"
EndProject
Project("{9A19103F-16F7-4668-BE54-9A1E7A4F7556}") = "Fawdlstty.SMLite", "src_csharp\Fawdlstty.SMLite\Fawdlstty.SMLite.csproj", "{08DE9649-AA68-4D8F-9648-56B011755722}"
EndProject
Project("{9A19103F-16F7-4668-BE54-9A1E7A4F7556}") = "Fawdlstty.SMLite.Test", "src_csharp\Fawdlstty.SMLite.Test\Fawdlstty.SMLite.Test.csproj", "{813B350A-142E-4EC0-A7C3-0C770DD164EE}"
EndProject
Project("{888888A0-9F3D-457C-B088-3A5042F75D52}") = "SMLite", "src_python\SMLite\SMLite.pyproj", "{63D3C3F0-1183-4B15-9098-BE61B662C458}"
EndProject
Project("{888888A0-9F3D-457C-B088-3A5042F75D52}") = "SMLite.Test", "src_python\SMLite.Test\SMLite.Test.pyproj", "{855F3052-EC09-4121-9159-170EDB71B5A8}"
EndProject
Global
	GlobalSection(SolutionConfigurationPlatforms) = preSolution
		Debug|Any CPU = Debug|Any CPU
		Release|Any CPU = Release|Any CPU
	EndGlobalSection
	GlobalSection(ProjectConfigurationPlatforms) = postSolution
		{ABF1A7EC-EDEA-4F7E-AD99-A507603F832C}.Debug|Any CPU.ActiveCfg = Debug|x64
		{ABF1A7EC-EDEA-4F7E-AD99-A507603F832C}.Debug|Any CPU.Build.0 = Debug|x64
		{ABF1A7EC-EDEA-4F7E-AD99-A507603F832C}.Release|Any CPU.ActiveCfg = Release|x64
		{ABF1A7EC-EDEA-4F7E-AD99-A507603F832C}.Release|Any CPU.Build.0 = Release|x64
		{67DC95DF-6A0D-44FA-98B3-8613CFCA1E7C}.Debug|Any CPU.ActiveCfg = Debug|x64
		{67DC95DF-6A0D-44FA-98B3-8613CFCA1E7C}.Debug|Any CPU.Build.0 = Debug|x64
		{67DC95DF-6A0D-44FA-98B3-8613CFCA1E7C}.Release|Any CPU.ActiveCfg = Release|x64
		{67DC95DF-6A0D-44FA-98B3-8613CFCA1E7C}.Release|Any CPU.Build.0 = Release|x64
		{4922F1A6-9B8D-4718-9A3D-4A6B5D71C2DF}.Debug|Any CPU.ActiveCfg = Debug|x64
		{4922F1A6-9B8D-4718-9A3D-4A6B5D71C2DF}.Debug|Any CPU.Build.0 = Debug|x64
		{4922F1A6-9B8D-4718-9A3D-4A6B5D71C2DF}.Release|Any CPU.ActiveCfg = Release|x64
		{4922F1A6-9B8D-4718-9A3D-4A6B5D71C2DF}.Release|Any CPU.Build.0 = Release|x64
		{83F714ED-51BA-4D35-B942-F434EFBEBA8B}.Debug|Any CPU.ActiveCfg = Debug|x64
		{83F714ED-51BA-4D35-B942-F434EFBEBA8B}.Debug|Any CPU.Build.0 = Debug|x64
		{83F714ED-51BA-4D35-B942-F434EFBEBA8B}.Release|Any CPU.ActiveCfg = Release|x64
		{83F714ED-51BA-4D35-B942-F434EFBEBA8B}.Release|Any CPU.Build.0 = Release|x64
		{08DE9649-AA68-4D8F-9648-56B011755722}.Debug|Any CPU.ActiveCfg = Debug|Any CPU
		{08DE9649-AA68-4D8F-9648-56B011755722}.Debug|Any CPU.Build.0 = Debug|Any CPU
		{08DE9649-AA68-4D8F-9648-56B011755722}.Release|Any CPU.ActiveCfg = Release|Any CPU
		{08DE9649-AA68-4D8F-9648-56B011755722}.Release|Any CPU.Build.0 = Release|Any CPU
		{813B350A-142E-4EC0-A7C3-0C770DD164EE}.Debug|Any CPU.ActiveCfg = Debug|Any CPU
		{813B350A-142E-4EC0-A7C3-0C770DD164EE}.Debug|Any CPU.Build.0 = Debug|Any CPU
		{813B350A-142E-4EC0-A7C3-0C770DD164EE}.Release|Any CPU.ActiveCfg = Release|Any CPU
		{813B350A-142E-4EC0-A7C3-0C770DD164EE}.Release|Any CPU.Build.0 = Release|Any CPU
		{63D3C3F0-1183-4B15-9098-BE61B662C458}.Debug|Any CPU.ActiveCfg = Debug|Any CPU
		{63D3C3F0-1183-4B15-9098-BE61B662C458}.Release|Any CPU.ActiveCfg = Release|Any CPU
		{855F3052-EC09-4121-9159-170EDB71B5A8}.Debug|Any CPU.ActiveCfg = Debug|Any CPU
		{855F3052-EC09-4121-9159-170EDB71B5A8}.Release|Any CPU.ActiveCfg = Release|Any CPU
	EndGlobalSection
	GlobalSection(SolutionProperties) = preSolution
		HideSolutionNode = FALSE
	EndGlobalSection
	GlobalSection(NestedProjects) = preSolution
		{ABF1A7EC-EDEA-4F7E-AD99-A507603F832C} = {1753564D-0D6C-4BAF-8F72-8231CF7B5152}
		{67DC95DF-6A0D-44FA-98B3-8613CFCA1E7C} = {1753564D-0D6C-4BAF-8F72-8231CF7B5152}
		{4922F1A6-9B8D-4718-9A3D-4A6B5D71C2DF} = {61E8A1CE-FFEA-4DA8-A489-C130C2B17625}
		{83F714ED-51BA-4D35-B942-F434EFBEBA8B} = {61E8A1CE-FFEA-4DA8-A489-C130C2B17625}
		{08DE9649-AA68-4D8F-9648-56B011755722} = {5109A84C-7B69-41C7-B924-8D173D518573}
		{813B350A-142E-4EC0-A7C3-0C770DD164EE} = {5109A84C-7B69-41C7-B924-8D173D518573}
		{63D3C3F0-1183-4B15-9098-BE61B662C458} = {E81D1CAA-9014-436B-BFC5-CD3679048DAC}
		{855F3052-EC09-4121-9159-170EDB71B5A8} = {E81D1CAA-9014-436B-BFC5-CD3679048DAC}
	EndGlobalSection
	GlobalSection(ExtensibilityGlobals) = postSolution
		SolutionGuid = {BE6CE8BD-95EA-4617-933E-FE2164D938E8}
	EndGlobalSection
EndGlobal
